// !$*UTF8*$!
{
	archiveVersion = 1;
	classes = {
	};
	objectVersion = 56;
	objects = {

/* Begin PBXBuildFile section */
		3A4C26792C73362700E738F0 /* AudioManager.swift in Sources */ = {isa = PBXBuildFile; fileRef = 3A4C26782C73362700E738F0 /* AudioManager.swift */; };
		3A4C26942C745D4E00E738F0 /* build-complete.mp3 in Resources */ = {isa = PBXBuildFile; fileRef = 3A4C26922C745D4E00E738F0 /* build-complete.mp3 */; };
		3A4C26952C745D4E00E738F0 /* build-up.mp3 in Resources */ = {isa = PBXBuildFile; fileRef = 3A4C26932C745D4E00E738F0 /* build-up.mp3 */; };
		3A4C26B62C74D65100E738F0 /* AddTaskViewModel.swift in Sources */ = {isa = PBXBuildFile; fileRef = 3A4C26B52C74D65100E738F0 /* AddTaskViewModel.swift */; };
		3A4C26B92C74D7A200E738F0 /* CustomTextFieldStyle.swift in Sources */ = {isa = PBXBuildFile; fileRef = 3A4C26B82C74D7A200E738F0 /* CustomTextFieldStyle.swift */; };
		3A4C26BB2C74E1AF00E738F0 /* CustomCircleButtonStyle.swift in Sources */ = {isa = PBXBuildFile; fileRef = 3A4C26BA2C74E1AF00E738F0 /* CustomCircleButtonStyle.swift */; };
		3A4C26BD2C74F18600E738F0 /* AddTaskPrioritizationView.swift in Sources */ = {isa = PBXBuildFile; fileRef = 3A4C26BC2C74F18600E738F0 /* AddTaskPrioritizationView.swift */; };
		3A4C26C02C74F21400E738F0 /* SubtaskModel.swift in Sources */ = {isa = PBXBuildFile; fileRef = 3A4C26BF2C74F21400E738F0 /* SubtaskModel.swift */; };
		3A4C26C52C74F61400E738F0 /* TaskUrgency.swift in Sources */ = {isa = PBXBuildFile; fileRef = 3A4C26C42C74F61400E738F0 /* TaskUrgency.swift */; };
		3A4C26C72C74F61E00E738F0 /* TaskDifficulty.swift in Sources */ = {isa = PBXBuildFile; fileRef = 3A4C26C62C74F61E00E738F0 /* TaskDifficulty.swift */; };
		3A4C26C92C74F62500E738F0 /* TaskFun.swift in Sources */ = {isa = PBXBuildFile; fileRef = 3A4C26C82C74F62500E738F0 /* TaskFun.swift */; };
		3A4C26CC2C74FB8600E738F0 /* TitleParameterTaskView.swift in Sources */ = {isa = PBXBuildFile; fileRef = 3A4C26CB2C74FB8600E738F0 /* TitleParameterTaskView.swift */; };
		3A4C26D02C75010E00E738F0 /* SelectionParameterTaskView.swift in Sources */ = {isa = PBXBuildFile; fileRef = 3A4C26CF2C75010D00E738F0 /* SelectionParameterTaskView.swift */; };
		3A5D01D12C755E8200F4E9FF /* AddTaskUseCase.swift in Sources */ = {isa = PBXBuildFile; fileRef = 3A5D01D02C755E8200F4E9FF /* AddTaskUseCase.swift */; };
		3A5D01D72C755FE100F4E9FF /* AddTaskRepositoryImpl.swift in Sources */ = {isa = PBXBuildFile; fileRef = 3A5D01D62C755FE100F4E9FF /* AddTaskRepositoryImpl.swift */; };
		3A5D01DB2C75627400F4E9FF /* TaskListRepository.swift in Sources */ = {isa = PBXBuildFile; fileRef = 3A5D01DA2C75627400F4E9FF /* TaskListRepository.swift */; };
		3A5D01DE2C7562D000F4E9FF /* AddTaskRepository.swift in Sources */ = {isa = PBXBuildFile; fileRef = 3A5D01DD2C7562D000F4E9FF /* AddTaskRepository.swift */; };
		3A5D01E02C75638400F4E9FF /* AddTaskCoordinator.swift in Sources */ = {isa = PBXBuildFile; fileRef = 3A5D01DF2C75638400F4E9FF /* AddTaskCoordinator.swift */; };
		3A5D01E32C7564F800F4E9FF /* AppCoordinator.swift in Sources */ = {isa = PBXBuildFile; fileRef = 3A5D01E22C7564F800F4E9FF /* AppCoordinator.swift */; };
		3A5D01E72C75660600F4E9FF /* AppCoordinatorView.swift in Sources */ = {isa = PBXBuildFile; fileRef = 3A5D01E62C75660600F4E9FF /* AppCoordinatorView.swift */; };
		3A5D01E92C7566D500F4E9FF /* AppPresentationStyle.swift in Sources */ = {isa = PBXBuildFile; fileRef = 3A5D01E82C7566D500F4E9FF /* AppPresentationStyle.swift */; };
		3A5D01EB2C75883000F4E9FF /* AddTaskCoordinatorView.swift in Sources */ = {isa = PBXBuildFile; fileRef = 3A5D01EA2C75883000F4E9FF /* AddTaskCoordinatorView.swift */; };
		3A5D01EF2C75BCAC00F4E9FF /* AddTaskDetailView.swift in Sources */ = {isa = PBXBuildFile; fileRef = 3A5D01EE2C75BCAC00F4E9FF /* AddTaskDetailView.swift */; };
		3A5D01F12C75BF1D00F4E9FF /* created.mp3 in Resources */ = {isa = PBXBuildFile; fileRef = 3A5D01F02C75BF1D00F4E9FF /* created.mp3 */; };
		3A5D01F42C75CD9E00F4E9FF /* Lottie in Frameworks */ = {isa = PBXBuildFile; productRef = 3A5D01F32C75CD9E00F4E9FF /* Lottie */; };
		3A5D01F72C75CDAC00F4E9FF /* SVGView in Frameworks */ = {isa = PBXBuildFile; productRef = 3A5D01F62C75CDAC00F4E9FF /* SVGView */; };
		3A5D01FA2C75D18D00F4E9FF /* art.svg in Resources */ = {isa = PBXBuildFile; fileRef = 3A5D01F92C75D18D00F4E9FF /* art.svg */; };
		3A5D01FE2C75D23100F4E9FF /* clickAnimationTransparent.json in Resources */ = {isa = PBXBuildFile; fileRef = 3A5D01FC2C75D23100F4E9FF /* clickAnimationTransparent.json */; };
		3A5D01FF2C75D23100F4E9FF /* clickAnimation.json in Resources */ = {isa = PBXBuildFile; fileRef = 3A5D01FD2C75D23100F4E9FF /* clickAnimation.json */; };
		3A5D02012C75D27E00F4E9FF /* RewardLocalEntity.swift in Sources */ = {isa = PBXBuildFile; fileRef = 3A5D02002C75D27E00F4E9FF /* RewardLocalEntity.swift */; };
		3A5D02062C75D2ED00F4E9FF /* RewardListRepository.swift in Sources */ = {isa = PBXBuildFile; fileRef = 3A5D02052C75D2ED00F4E9FF /* RewardListRepository.swift */; };
		3A5D020A2C75D31E00F4E9FF /* RewardListRepositoryImpl.swift in Sources */ = {isa = PBXBuildFile; fileRef = 3A5D02092C75D31E00F4E9FF /* RewardListRepositoryImpl.swift */; };
		3A5D020E2C75D4AE00F4E9FF /* RewardListUseCase.swift in Sources */ = {isa = PBXBuildFile; fileRef = 3A5D020D2C75D4AE00F4E9FF /* RewardListUseCase.swift */; };
		3A5D02132C75D66700F4E9FF /* ArtView.swift in Sources */ = {isa = PBXBuildFile; fileRef = 3A5D02122C75D66700F4E9FF /* ArtView.swift */; };
		3A5D02152C75D67600F4E9FF /* PresentView.swift in Sources */ = {isa = PBXBuildFile; fileRef = 3A5D02142C75D67600F4E9FF /* PresentView.swift */; };
		3A5D02172C75D68000F4E9FF /* RewardView.swift in Sources */ = {isa = PBXBuildFile; fileRef = 3A5D02162C75D68000F4E9FF /* RewardView.swift */; };
		3A5D02192C75D68400F4E9FF /* RewardViewModel.swift in Sources */ = {isa = PBXBuildFile; fileRef = 3A5D02182C75D68400F4E9FF /* RewardViewModel.swift */; };
		3A5D021B2C75D69000F4E9FF /* UnlockedView.swift in Sources */ = {isa = PBXBuildFile; fileRef = 3A5D021A2C75D69000F4E9FF /* UnlockedView.swift */; };
		3A5D021D2C75D77D00F4E9FF /* BackButtonStyle.swift in Sources */ = {isa = PBXBuildFile; fileRef = 3A5D021C2C75D77C00F4E9FF /* BackButtonStyle.swift */; };
		3A5D021F2C75D86C00F4E9FF /* unlockVector.svg in Resources */ = {isa = PBXBuildFile; fileRef = 3A5D021E2C75D86C00F4E9FF /* unlockVector.svg */; };
		3A5D02212C75D87100F4E9FF /* shineLockVector.svg in Resources */ = {isa = PBXBuildFile; fileRef = 3A5D02202C75D87100F4E9FF /* shineLockVector.svg */; };
		3A5D02232C75E3BF00F4E9FF /* RewardShowcaseCoordinator.swift in Sources */ = {isa = PBXBuildFile; fileRef = 3A5D02222C75E3BF00F4E9FF /* RewardShowcaseCoordinator.swift */; };
		3A5D02282C75E68000F4E9FF /* GetTasksUseCase.swift in Sources */ = {isa = PBXBuildFile; fileRef = 3A5D02272C75E68000F4E9FF /* GetTasksUseCase.swift */; };
		3A5D022E2C76186B00F4E9FF /* DetailTaskViewModel.swift in Sources */ = {isa = PBXBuildFile; fileRef = 3A5D022D2C76186B00F4E9FF /* DetailTaskViewModel.swift */; };
		3A5D02302C7618EF00F4E9FF /* DetailTaskViewController.swift in Sources */ = {isa = PBXBuildFile; fileRef = 3A5D022F2C7618EF00F4E9FF /* DetailTaskViewController.swift */; };
		3A5D02322C761A4800F4E9FF /* DetailTaskViewControllerRepresentable.swift in Sources */ = {isa = PBXBuildFile; fileRef = 3A5D02312C761A4800F4E9FF /* DetailTaskViewControllerRepresentable.swift */; };
		3A5D02342C769C0100F4E9FF /* UIFont+Extension.swift in Sources */ = {isa = PBXBuildFile; fileRef = 3A5D02332C769C0100F4E9FF /* UIFont+Extension.swift */; };
		3A5D02362C76A09D00F4E9FF /* switched.mp3 in Resources */ = {isa = PBXBuildFile; fileRef = 3A5D02352C76A09D00F4E9FF /* switched.mp3 */; };
		3A5D02382C76A24000F4E9FF /* idle.mp3 in Resources */ = {isa = PBXBuildFile; fileRef = 3A5D02372C76A24000F4E9FF /* idle.mp3 */; };
		3A6759DD2C6D033A00983C66 /* MonotaskApp.swift in Sources */ = {isa = PBXBuildFile; fileRef = 3A6759DC2C6D033A00983C66 /* MonotaskApp.swift */; };
		3A6759E12C6D033B00983C66 /* Assets.xcassets in Resources */ = {isa = PBXBuildFile; fileRef = 3A6759E02C6D033B00983C66 /* Assets.xcassets */; };
		3A6759E42C6D033B00983C66 /* Preview Assets.xcassets in Resources */ = {isa = PBXBuildFile; fileRef = 3A6759E32C6D033B00983C66 /* Preview Assets.xcassets */; };
		3A6759FF2C6D048F00983C66 /* TaskLocalEntity.swift in Sources */ = {isa = PBXBuildFile; fileRef = 3A6759EA2C6D048F00983C66 /* TaskLocalEntity.swift */; };
		3A675A002C6D048F00983C66 /* TaskListRepositoryImpl.swift in Sources */ = {isa = PBXBuildFile; fileRef = 3A6759EE2C6D048F00983C66 /* TaskListRepositoryImpl.swift */; };
		3A675A012C6D048F00983C66 /* RewardModel.swift in Sources */ = {isa = PBXBuildFile; fileRef = 3A6759F12C6D048F00983C66 /* RewardModel.swift */; };
		3A675A022C6D048F00983C66 /* RewardPieceModel.swift in Sources */ = {isa = PBXBuildFile; fileRef = 3A6759F32C6D048F00983C66 /* RewardPieceModel.swift */; };
		3A675A032C6D048F00983C66 /* TaskModel.swift in Sources */ = {isa = PBXBuildFile; fileRef = 3A6759F52C6D048F00983C66 /* TaskModel.swift */; };
		3A675A042C6D048F00983C66 /* TaskListUseCase.swift in Sources */ = {isa = PBXBuildFile; fileRef = 3A6759F82C6D048F00983C66 /* TaskListUseCase.swift */; };
		3A675A052C6D048F00983C66 /* TaskListView.swift in Sources */ = {isa = PBXBuildFile; fileRef = 3A6759FB2C6D048F00983C66 /* TaskListView.swift */; };
		3A675A062C6D048F00983C66 /* TaskListViewModel.swift in Sources */ = {isa = PBXBuildFile; fileRef = 3A6759FC2C6D048F00983C66 /* TaskListViewModel.swift */; };
		3A675A0A2C6D049900983C66 /* SwiftDataContextManager.swift in Sources */ = {isa = PBXBuildFile; fileRef = 3A675A072C6D049900983C66 /* SwiftDataContextManager.swift */; };
		3A675A132C6D080800983C66 /* Oswald-Medium.ttf in Resources */ = {isa = PBXBuildFile; fileRef = 3A675A0D2C6D080800983C66 /* Oswald-Medium.ttf */; };
		3A675A1E2C6D083C00983C66 /* Oswald-Light.ttf in Resources */ = {isa = PBXBuildFile; fileRef = 3A675A1D2C6D083C00983C66 /* Oswald-Light.ttf */; };
		3A675A202C6D084B00983C66 /* Oswald-Bold.ttf in Resources */ = {isa = PBXBuildFile; fileRef = 3A675A1F2C6D084B00983C66 /* Oswald-Bold.ttf */; };
		3A675A222C6D085600983C66 /* Oswald-ExtraLight.ttf in Resources */ = {isa = PBXBuildFile; fileRef = 3A675A212C6D085600983C66 /* Oswald-ExtraLight.ttf */; };
		3A675A242C6D08C500983C66 /* Oswald-Regular.ttf in Resources */ = {isa = PBXBuildFile; fileRef = 3A675A232C6D08C500983C66 /* Oswald-Regular.ttf */; };
		3A675A262C6D08CF00983C66 /* Oswald-SemiBold.ttf in Resources */ = {isa = PBXBuildFile; fileRef = 3A675A252C6D08CF00983C66 /* Oswald-SemiBold.ttf */; };
		3A675A2C2C6D0BD300983C66 /* Font+Extension.swift in Sources */ = {isa = PBXBuildFile; fileRef = 3A675A2B2C6D0BD300983C66 /* Font+Extension.swift */; };
		3AB294F72C719BEA0026F5AA /* Gravel.ahap in Resources */ = {isa = PBXBuildFile; fileRef = 3AB294F62C719BEA0026F5AA /* Gravel.ahap */; };
		3AB295032C71AC900026F5AA /* Inflate.ahap in Resources */ = {isa = PBXBuildFile; fileRef = 3AB295022C71AC900026F5AA /* Inflate.ahap */; };
		3AB295072C71B1EF0026F5AA /* Transition.ahap in Resources */ = {isa = PBXBuildFile; fileRef = 3AB295062C71B1EF0026F5AA /* Transition.ahap */; };
		3AB2950A2C71B6DB0026F5AA /* CoreHapticsManager.swift in Sources */ = {isa = PBXBuildFile; fileRef = 3AB295092C71B6DB0026F5AA /* CoreHapticsManager.swift */; };
		3AB2950E2C7209110026F5AA /* Sparkle.ahap in Resources */ = {isa = PBXBuildFile; fileRef = 3AB2950D2C7209110026F5AA /* Sparkle.ahap */; };
		3AB295102C7209250026F5AA /* TaskListCoordinator.swift in Sources */ = {isa = PBXBuildFile; fileRef = 3AB2950F2C7209250026F5AA /* TaskListCoordinator.swift */; };
		3ABEE1782C6D14090098B08E /* Color+Extension.swift in Sources */ = {isa = PBXBuildFile; fileRef = 3ABEE1772C6D14090098B08E /* Color+Extension.swift */; };
		3ABEE17B2C6D20BA0098B08E /* CheckTaskView.swift in Sources */ = {isa = PBXBuildFile; fileRef = 3ABEE17A2C6D20BA0098B08E /* CheckTaskView.swift */; };
		3ABEE1942C6EDC1A0098B08E /* Oswald.swift in Sources */ = {isa = PBXBuildFile; fileRef = 3ABEE1932C6EDC1A0098B08E /* Oswald.swift */; };
		3ABEE1962C6EDC8E0098B08E /* CallToActionButtonStyle.swift in Sources */ = {isa = PBXBuildFile; fileRef = 3ABEE1952C6EDC8E0098B08E /* CallToActionButtonStyle.swift */; };
		3ABEE1982C6EDD7F0098B08E /* AppColors.swift in Sources */ = {isa = PBXBuildFile; fileRef = 3ABEE1972C6EDD7F0098B08E /* AppColors.swift */; };
		E202CD0B2C74468100AEF012 /* EditTaskViewModel.swift in Sources */ = {isa = PBXBuildFile; fileRef = E202CD0A2C74468100AEF012 /* EditTaskViewModel.swift */; };
		E225BD3A2C74457F00A66FD3 /* EditTaskView.swift in Sources */ = {isa = PBXBuildFile; fileRef = E225BD392C74457F00A66FD3 /* EditTaskView.swift */; };
		E225BD3C2C7445B000A66FD3 /* EditTaskView2.swift in Sources */ = {isa = PBXBuildFile; fileRef = E225BD3B2C7445B000A66FD3 /* EditTaskView2.swift */; };
		E23AB5CA2C736DF3006CE04D /* CreateTaskModel.swift in Sources */ = {isa = PBXBuildFile; fileRef = E23AB5C92C736DF3006CE04D /* CreateTaskModel.swift */; };
		E23AB5CC2C736E03006CE04D /* CreateTaskViewModel.swift in Sources */ = {isa = PBXBuildFile; fileRef = E23AB5CB2C736E03006CE04D /* CreateTaskViewModel.swift */; };
		E23AB5CE2C736E11006CE04D /* CreateTaskView.swift in Sources */ = {isa = PBXBuildFile; fileRef = E23AB5CD2C736E11006CE04D /* CreateTaskView.swift */; };
		E23AB5D02C736E23006CE04D /* CreateTaskView2.swift in Sources */ = {isa = PBXBuildFile; fileRef = E23AB5CF2C736E23006CE04D /* CreateTaskView2.swift */; };
		E23AB5D22C736E36006CE04D /* TitleView.swift in Sources */ = {isa = PBXBuildFile; fileRef = E23AB5D12C736E36006CE04D /* TitleView.swift */; };
		E23AB5D42C736E45006CE04D /* ParameterTitleSelectionView.swift in Sources */ = {isa = PBXBuildFile; fileRef = E23AB5D32C736E45006CE04D /* ParameterTitleSelectionView.swift */; };
		E23AB5D62C736E53006CE04D /* ParameterSelectionView.swift in Sources */ = {isa = PBXBuildFile; fileRef = E23AB5D52C736E53006CE04D /* ParameterSelectionView.swift */; };
		E23AB5D82C736E64006CE04D /* TaskTitleTextField.swift in Sources */ = {isa = PBXBuildFile; fileRef = E23AB5D72C736E64006CE04D /* TaskTitleTextField.swift */; };
		E23AB5DA2C736E78006CE04D /* AddSubtaskTextField.swift in Sources */ = {isa = PBXBuildFile; fileRef = E23AB5D92C736E78006CE04D /* AddSubtaskTextField.swift */; };
/* End PBXBuildFile section */

/* Begin PBXContainerItemProxy section */
		3ABEE1842C6DB7B00098B08E /* PBXContainerItemProxy */ = {
			isa = PBXContainerItemProxy;
			containerPortal = 3A6759D12C6D033A00983C66 /* Project object */;
			proxyType = 1;
			remoteGlobalIDString = 3A6759D82C6D033A00983C66;
			remoteInfo = Monotask;
		};
/* End PBXContainerItemProxy section */

/* Begin PBXFileReference section */
		3A4C26782C73362700E738F0 /* AudioManager.swift */ = {isa = PBXFileReference; lastKnownFileType = sourcecode.swift; path = AudioManager.swift; sourceTree = "<group>"; };
		3A4C26922C745D4E00E738F0 /* build-complete.mp3 */ = {isa = PBXFileReference; lastKnownFileType = audio.mp3; path = "build-complete.mp3"; sourceTree = "<group>"; };
		3A4C26932C745D4E00E738F0 /* build-up.mp3 */ = {isa = PBXFileReference; lastKnownFileType = audio.mp3; path = "build-up.mp3"; sourceTree = "<group>"; };
		3A4C26B52C74D65100E738F0 /* AddTaskViewModel.swift */ = {isa = PBXFileReference; lastKnownFileType = sourcecode.swift; path = AddTaskViewModel.swift; sourceTree = "<group>"; };
		3A4C26B82C74D7A200E738F0 /* CustomTextFieldStyle.swift */ = {isa = PBXFileReference; lastKnownFileType = sourcecode.swift; path = CustomTextFieldStyle.swift; sourceTree = "<group>"; };
		3A4C26BA2C74E1AF00E738F0 /* CustomCircleButtonStyle.swift */ = {isa = PBXFileReference; lastKnownFileType = sourcecode.swift; path = CustomCircleButtonStyle.swift; sourceTree = "<group>"; };
		3A4C26BC2C74F18600E738F0 /* AddTaskPrioritizationView.swift */ = {isa = PBXFileReference; lastKnownFileType = sourcecode.swift; path = AddTaskPrioritizationView.swift; sourceTree = "<group>"; };
		3A4C26BF2C74F21400E738F0 /* SubtaskModel.swift */ = {isa = PBXFileReference; lastKnownFileType = sourcecode.swift; path = SubtaskModel.swift; sourceTree = "<group>"; };
		3A4C26C42C74F61400E738F0 /* TaskUrgency.swift */ = {isa = PBXFileReference; lastKnownFileType = sourcecode.swift; path = TaskUrgency.swift; sourceTree = "<group>"; };
		3A4C26C62C74F61E00E738F0 /* TaskDifficulty.swift */ = {isa = PBXFileReference; lastKnownFileType = sourcecode.swift; path = TaskDifficulty.swift; sourceTree = "<group>"; };
		3A4C26C82C74F62500E738F0 /* TaskFun.swift */ = {isa = PBXFileReference; lastKnownFileType = sourcecode.swift; path = TaskFun.swift; sourceTree = "<group>"; };
		3A4C26CB2C74FB8600E738F0 /* TitleParameterTaskView.swift */ = {isa = PBXFileReference; lastKnownFileType = sourcecode.swift; path = TitleParameterTaskView.swift; sourceTree = "<group>"; };
		3A4C26CF2C75010D00E738F0 /* SelectionParameterTaskView.swift */ = {isa = PBXFileReference; lastKnownFileType = sourcecode.swift; path = SelectionParameterTaskView.swift; sourceTree = "<group>"; };
		3A5D01D02C755E8200F4E9FF /* AddTaskUseCase.swift */ = {isa = PBXFileReference; lastKnownFileType = sourcecode.swift; path = AddTaskUseCase.swift; sourceTree = "<group>"; };
		3A5D01D62C755FE100F4E9FF /* AddTaskRepositoryImpl.swift */ = {isa = PBXFileReference; lastKnownFileType = sourcecode.swift; path = AddTaskRepositoryImpl.swift; sourceTree = "<group>"; };
		3A5D01DA2C75627400F4E9FF /* TaskListRepository.swift */ = {isa = PBXFileReference; lastKnownFileType = sourcecode.swift; path = TaskListRepository.swift; sourceTree = "<group>"; };
		3A5D01DD2C7562D000F4E9FF /* AddTaskRepository.swift */ = {isa = PBXFileReference; lastKnownFileType = sourcecode.swift; path = AddTaskRepository.swift; sourceTree = "<group>"; };
		3A5D01DF2C75638400F4E9FF /* AddTaskCoordinator.swift */ = {isa = PBXFileReference; lastKnownFileType = sourcecode.swift; path = AddTaskCoordinator.swift; sourceTree = "<group>"; };
		3A5D01E22C7564F800F4E9FF /* AppCoordinator.swift */ = {isa = PBXFileReference; lastKnownFileType = sourcecode.swift; path = AppCoordinator.swift; sourceTree = "<group>"; };
		3A5D01E62C75660600F4E9FF /* AppCoordinatorView.swift */ = {isa = PBXFileReference; lastKnownFileType = sourcecode.swift; path = AppCoordinatorView.swift; sourceTree = "<group>"; };
		3A5D01E82C7566D500F4E9FF /* AppPresentationStyle.swift */ = {isa = PBXFileReference; lastKnownFileType = sourcecode.swift; path = AppPresentationStyle.swift; sourceTree = "<group>"; };
		3A5D01EA2C75883000F4E9FF /* AddTaskCoordinatorView.swift */ = {isa = PBXFileReference; lastKnownFileType = sourcecode.swift; path = AddTaskCoordinatorView.swift; sourceTree = "<group>"; };
		3A5D01EE2C75BCAC00F4E9FF /* AddTaskDetailView.swift */ = {isa = PBXFileReference; fileEncoding = 4; lastKnownFileType = sourcecode.swift; path = AddTaskDetailView.swift; sourceTree = "<group>"; };
		3A5D01F02C75BF1D00F4E9FF /* created.mp3 */ = {isa = PBXFileReference; lastKnownFileType = audio.mp3; path = created.mp3; sourceTree = "<group>"; };
		3A5D01F92C75D18D00F4E9FF /* art.svg */ = {isa = PBXFileReference; fileEncoding = 4; lastKnownFileType = text; path = art.svg; sourceTree = "<group>"; };
		3A5D01FC2C75D23100F4E9FF /* clickAnimationTransparent.json */ = {isa = PBXFileReference; fileEncoding = 4; lastKnownFileType = text.json; path = clickAnimationTransparent.json; sourceTree = "<group>"; };
		3A5D01FD2C75D23100F4E9FF /* clickAnimation.json */ = {isa = PBXFileReference; fileEncoding = 4; lastKnownFileType = text.json; path = clickAnimation.json; sourceTree = "<group>"; };
		3A5D02002C75D27E00F4E9FF /* RewardLocalEntity.swift */ = {isa = PBXFileReference; fileEncoding = 4; lastKnownFileType = sourcecode.swift; path = RewardLocalEntity.swift; sourceTree = "<group>"; };
		3A5D02052C75D2ED00F4E9FF /* RewardListRepository.swift */ = {isa = PBXFileReference; lastKnownFileType = sourcecode.swift; path = RewardListRepository.swift; sourceTree = "<group>"; };
		3A5D02092C75D31E00F4E9FF /* RewardListRepositoryImpl.swift */ = {isa = PBXFileReference; lastKnownFileType = sourcecode.swift; path = RewardListRepositoryImpl.swift; sourceTree = "<group>"; };
		3A5D020D2C75D4AE00F4E9FF /* RewardListUseCase.swift */ = {isa = PBXFileReference; lastKnownFileType = sourcecode.swift; path = RewardListUseCase.swift; sourceTree = "<group>"; };
		3A5D02122C75D66700F4E9FF /* ArtView.swift */ = {isa = PBXFileReference; fileEncoding = 4; lastKnownFileType = sourcecode.swift; path = ArtView.swift; sourceTree = "<group>"; };
		3A5D02142C75D67600F4E9FF /* PresentView.swift */ = {isa = PBXFileReference; fileEncoding = 4; lastKnownFileType = sourcecode.swift; path = PresentView.swift; sourceTree = "<group>"; };
		3A5D02162C75D68000F4E9FF /* RewardView.swift */ = {isa = PBXFileReference; fileEncoding = 4; lastKnownFileType = sourcecode.swift; path = RewardView.swift; sourceTree = "<group>"; };
		3A5D02182C75D68400F4E9FF /* RewardViewModel.swift */ = {isa = PBXFileReference; fileEncoding = 4; lastKnownFileType = sourcecode.swift; path = RewardViewModel.swift; sourceTree = "<group>"; };
		3A5D021A2C75D69000F4E9FF /* UnlockedView.swift */ = {isa = PBXFileReference; fileEncoding = 4; lastKnownFileType = sourcecode.swift; path = UnlockedView.swift; sourceTree = "<group>"; };
		3A5D021C2C75D77C00F4E9FF /* BackButtonStyle.swift */ = {isa = PBXFileReference; lastKnownFileType = sourcecode.swift; path = BackButtonStyle.swift; sourceTree = "<group>"; };
		3A5D021E2C75D86C00F4E9FF /* unlockVector.svg */ = {isa = PBXFileReference; fileEncoding = 4; lastKnownFileType = text; path = unlockVector.svg; sourceTree = "<group>"; };
		3A5D02202C75D87100F4E9FF /* shineLockVector.svg */ = {isa = PBXFileReference; fileEncoding = 4; lastKnownFileType = text; path = shineLockVector.svg; sourceTree = "<group>"; };
		3A5D02222C75E3BF00F4E9FF /* RewardShowcaseCoordinator.swift */ = {isa = PBXFileReference; lastKnownFileType = sourcecode.swift; path = RewardShowcaseCoordinator.swift; sourceTree = "<group>"; };
		3A5D02272C75E68000F4E9FF /* GetTasksUseCase.swift */ = {isa = PBXFileReference; lastKnownFileType = sourcecode.swift; path = GetTasksUseCase.swift; sourceTree = "<group>"; };
		3A5D022D2C76186B00F4E9FF /* DetailTaskViewModel.swift */ = {isa = PBXFileReference; lastKnownFileType = sourcecode.swift; path = DetailTaskViewModel.swift; sourceTree = "<group>"; };
		3A5D022F2C7618EF00F4E9FF /* DetailTaskViewController.swift */ = {isa = PBXFileReference; lastKnownFileType = sourcecode.swift; path = DetailTaskViewController.swift; sourceTree = "<group>"; };
		3A5D02312C761A4800F4E9FF /* DetailTaskViewControllerRepresentable.swift */ = {isa = PBXFileReference; lastKnownFileType = sourcecode.swift; path = DetailTaskViewControllerRepresentable.swift; sourceTree = "<group>"; };
		3A5D02332C769C0100F4E9FF /* UIFont+Extension.swift */ = {isa = PBXFileReference; lastKnownFileType = sourcecode.swift; path = "UIFont+Extension.swift"; sourceTree = "<group>"; };
		3A5D02352C76A09D00F4E9FF /* switched.mp3 */ = {isa = PBXFileReference; lastKnownFileType = audio.mp3; path = switched.mp3; sourceTree = "<group>"; };
		3A5D02372C76A24000F4E9FF /* idle.mp3 */ = {isa = PBXFileReference; lastKnownFileType = audio.mp3; path = idle.mp3; sourceTree = "<group>"; };
		3A6759D92C6D033A00983C66 /* Monotask.app */ = {isa = PBXFileReference; explicitFileType = wrapper.application; includeInIndex = 0; path = Monotask.app; sourceTree = BUILT_PRODUCTS_DIR; };
		3A6759DC2C6D033A00983C66 /* MonotaskApp.swift */ = {isa = PBXFileReference; lastKnownFileType = sourcecode.swift; path = MonotaskApp.swift; sourceTree = "<group>"; };
		3A6759E02C6D033B00983C66 /* Assets.xcassets */ = {isa = PBXFileReference; lastKnownFileType = folder.assetcatalog; path = Assets.xcassets; sourceTree = "<group>"; };
		3A6759E32C6D033B00983C66 /* Preview Assets.xcassets */ = {isa = PBXFileReference; lastKnownFileType = folder.assetcatalog; path = "Preview Assets.xcassets"; sourceTree = "<group>"; };
		3A6759EA2C6D048F00983C66 /* TaskLocalEntity.swift */ = {isa = PBXFileReference; fileEncoding = 4; lastKnownFileType = sourcecode.swift; path = TaskLocalEntity.swift; sourceTree = "<group>"; };
		3A6759EE2C6D048F00983C66 /* TaskListRepositoryImpl.swift */ = {isa = PBXFileReference; fileEncoding = 4; lastKnownFileType = sourcecode.swift; path = TaskListRepositoryImpl.swift; sourceTree = "<group>"; };
		3A6759F12C6D048F00983C66 /* RewardModel.swift */ = {isa = PBXFileReference; fileEncoding = 4; lastKnownFileType = sourcecode.swift; path = RewardModel.swift; sourceTree = "<group>"; };
		3A6759F32C6D048F00983C66 /* RewardPieceModel.swift */ = {isa = PBXFileReference; fileEncoding = 4; lastKnownFileType = sourcecode.swift; path = RewardPieceModel.swift; sourceTree = "<group>"; };
		3A6759F52C6D048F00983C66 /* TaskModel.swift */ = {isa = PBXFileReference; fileEncoding = 4; lastKnownFileType = sourcecode.swift; path = TaskModel.swift; sourceTree = "<group>"; };
		3A6759F82C6D048F00983C66 /* TaskListUseCase.swift */ = {isa = PBXFileReference; fileEncoding = 4; lastKnownFileType = sourcecode.swift; path = TaskListUseCase.swift; sourceTree = "<group>"; };
		3A6759FB2C6D048F00983C66 /* TaskListView.swift */ = {isa = PBXFileReference; fileEncoding = 4; lastKnownFileType = sourcecode.swift; path = TaskListView.swift; sourceTree = "<group>"; };
		3A6759FC2C6D048F00983C66 /* TaskListViewModel.swift */ = {isa = PBXFileReference; fileEncoding = 4; lastKnownFileType = sourcecode.swift; path = TaskListViewModel.swift; sourceTree = "<group>"; };
		3A675A072C6D049900983C66 /* SwiftDataContextManager.swift */ = {isa = PBXFileReference; fileEncoding = 4; lastKnownFileType = sourcecode.swift; path = SwiftDataContextManager.swift; sourceTree = "<group>"; };
		3A675A0D2C6D080800983C66 /* Oswald-Medium.ttf */ = {isa = PBXFileReference; lastKnownFileType = file; path = "Oswald-Medium.ttf"; sourceTree = "<group>"; };
		3A675A1D2C6D083C00983C66 /* Oswald-Light.ttf */ = {isa = PBXFileReference; lastKnownFileType = file; path = "Oswald-Light.ttf"; sourceTree = "<group>"; };
		3A675A1F2C6D084B00983C66 /* Oswald-Bold.ttf */ = {isa = PBXFileReference; lastKnownFileType = file; path = "Oswald-Bold.ttf"; sourceTree = "<group>"; };
		3A675A212C6D085600983C66 /* Oswald-ExtraLight.ttf */ = {isa = PBXFileReference; lastKnownFileType = file; path = "Oswald-ExtraLight.ttf"; sourceTree = "<group>"; };
		3A675A232C6D08C500983C66 /* Oswald-Regular.ttf */ = {isa = PBXFileReference; lastKnownFileType = file; path = "Oswald-Regular.ttf"; sourceTree = "<group>"; };
		3A675A252C6D08CF00983C66 /* Oswald-SemiBold.ttf */ = {isa = PBXFileReference; lastKnownFileType = file; path = "Oswald-SemiBold.ttf"; sourceTree = "<group>"; };
		3A675A272C6D090200983C66 /* Info.plist */ = {isa = PBXFileReference; lastKnownFileType = text.plist; path = Info.plist; sourceTree = "<group>"; };
		3A675A2B2C6D0BD300983C66 /* Font+Extension.swift */ = {isa = PBXFileReference; lastKnownFileType = sourcecode.swift; path = "Font+Extension.swift"; sourceTree = "<group>"; };
		3AB294F62C719BEA0026F5AA /* Gravel.ahap */ = {isa = PBXFileReference; fileEncoding = 4; lastKnownFileType = text; path = Gravel.ahap; sourceTree = "<group>"; };
		3AB295022C71AC900026F5AA /* Inflate.ahap */ = {isa = PBXFileReference; fileEncoding = 4; lastKnownFileType = text; path = Inflate.ahap; sourceTree = "<group>"; };
		3AB295062C71B1EF0026F5AA /* Transition.ahap */ = {isa = PBXFileReference; fileEncoding = 4; lastKnownFileType = text; path = Transition.ahap; sourceTree = "<group>"; };
		3AB295092C71B6DB0026F5AA /* CoreHapticsManager.swift */ = {isa = PBXFileReference; lastKnownFileType = sourcecode.swift; path = CoreHapticsManager.swift; sourceTree = "<group>"; };
		3AB2950D2C7209110026F5AA /* Sparkle.ahap */ = {isa = PBXFileReference; fileEncoding = 4; lastKnownFileType = text; path = Sparkle.ahap; sourceTree = "<group>"; };
		3AB2950F2C7209250026F5AA /* TaskListCoordinator.swift */ = {isa = PBXFileReference; fileEncoding = 4; lastKnownFileType = sourcecode.swift; path = TaskListCoordinator.swift; sourceTree = "<group>"; };
		3ABEE1772C6D14090098B08E /* Color+Extension.swift */ = {isa = PBXFileReference; lastKnownFileType = sourcecode.swift; path = "Color+Extension.swift"; sourceTree = "<group>"; };
		3ABEE17A2C6D20BA0098B08E /* CheckTaskView.swift */ = {isa = PBXFileReference; lastKnownFileType = sourcecode.swift; path = CheckTaskView.swift; sourceTree = "<group>"; };
		3ABEE1802C6DB7B00098B08E /* MonotaskTests.xctest */ = {isa = PBXFileReference; explicitFileType = wrapper.cfbundle; includeInIndex = 0; path = MonotaskTests.xctest; sourceTree = BUILT_PRODUCTS_DIR; };
		3ABEE1932C6EDC1A0098B08E /* Oswald.swift */ = {isa = PBXFileReference; lastKnownFileType = sourcecode.swift; path = Oswald.swift; sourceTree = "<group>"; };
		3ABEE1952C6EDC8E0098B08E /* CallToActionButtonStyle.swift */ = {isa = PBXFileReference; lastKnownFileType = sourcecode.swift; path = CallToActionButtonStyle.swift; sourceTree = "<group>"; };
		3ABEE1972C6EDD7F0098B08E /* AppColors.swift */ = {isa = PBXFileReference; lastKnownFileType = sourcecode.swift; path = AppColors.swift; sourceTree = "<group>"; };
		E202CD0A2C74468100AEF012 /* EditTaskViewModel.swift */ = {isa = PBXFileReference; lastKnownFileType = sourcecode.swift; path = EditTaskViewModel.swift; sourceTree = "<group>"; };
		E225BD392C74457F00A66FD3 /* EditTaskView.swift */ = {isa = PBXFileReference; lastKnownFileType = sourcecode.swift; path = EditTaskView.swift; sourceTree = "<group>"; };
		E225BD3B2C7445B000A66FD3 /* EditTaskView2.swift */ = {isa = PBXFileReference; lastKnownFileType = sourcecode.swift; path = EditTaskView2.swift; sourceTree = "<group>"; };
		E23AB5C92C736DF3006CE04D /* CreateTaskModel.swift */ = {isa = PBXFileReference; lastKnownFileType = sourcecode.swift; path = CreateTaskModel.swift; sourceTree = "<group>"; };
		E23AB5CB2C736E03006CE04D /* CreateTaskViewModel.swift */ = {isa = PBXFileReference; lastKnownFileType = sourcecode.swift; path = CreateTaskViewModel.swift; sourceTree = "<group>"; };
		E23AB5CD2C736E11006CE04D /* CreateTaskView.swift */ = {isa = PBXFileReference; lastKnownFileType = sourcecode.swift; path = CreateTaskView.swift; sourceTree = "<group>"; };
		E23AB5CF2C736E23006CE04D /* CreateTaskView2.swift */ = {isa = PBXFileReference; lastKnownFileType = sourcecode.swift; path = CreateTaskView2.swift; sourceTree = "<group>"; };
		E23AB5D12C736E36006CE04D /* TitleView.swift */ = {isa = PBXFileReference; lastKnownFileType = sourcecode.swift; path = TitleView.swift; sourceTree = "<group>"; };
		E23AB5D32C736E45006CE04D /* ParameterTitleSelectionView.swift */ = {isa = PBXFileReference; lastKnownFileType = sourcecode.swift; path = ParameterTitleSelectionView.swift; sourceTree = "<group>"; };
		E23AB5D52C736E53006CE04D /* ParameterSelectionView.swift */ = {isa = PBXFileReference; lastKnownFileType = sourcecode.swift; path = ParameterSelectionView.swift; sourceTree = "<group>"; };
		E23AB5D72C736E64006CE04D /* TaskTitleTextField.swift */ = {isa = PBXFileReference; lastKnownFileType = sourcecode.swift; path = TaskTitleTextField.swift; sourceTree = "<group>"; };
		E23AB5D92C736E78006CE04D /* AddSubtaskTextField.swift */ = {isa = PBXFileReference; lastKnownFileType = sourcecode.swift; path = AddSubtaskTextField.swift; sourceTree = "<group>"; };
/* End PBXFileReference section */

/* Begin PBXFrameworksBuildPhase section */
		3A6759D62C6D033A00983C66 /* Frameworks */ = {
			isa = PBXFrameworksBuildPhase;
			buildActionMask = 2147483647;
			files = (
				3A5D01F72C75CDAC00F4E9FF /* SVGView in Frameworks */,
				3A5D01F42C75CD9E00F4E9FF /* Lottie in Frameworks */,
			);
			runOnlyForDeploymentPostprocessing = 0;
		};
		3ABEE17D2C6DB7B00098B08E /* Frameworks */ = {
			isa = PBXFrameworksBuildPhase;
			buildActionMask = 2147483647;
			files = (
			);
			runOnlyForDeploymentPostprocessing = 0;
		};
/* End PBXFrameworksBuildPhase section */

/* Begin PBXGroup section */
		3A4C26772C7335DF00E738F0 /* AVFAudio */ = {
			isa = PBXGroup;
			children = (
				3A4C26782C73362700E738F0 /* AudioManager.swift */,
			);
			path = AVFAudio;
			sourceTree = "<group>";
		};
		3A4C267A2C7340E000E738F0 /* Sound Effects */ = {
			isa = PBXGroup;
			children = (
				3A5D01F02C75BF1D00F4E9FF /* created.mp3 */,
				3A5D02352C76A09D00F4E9FF /* switched.mp3 */,
				3A5D02372C76A24000F4E9FF /* idle.mp3 */,
				3A4C268D2C7455A200E738F0 /* Transition */,
			);
			path = "Sound Effects";
			sourceTree = "<group>";
		};
		3A4C268D2C7455A200E738F0 /* Transition */ = {
			isa = PBXGroup;
			children = (
				3A4C26922C745D4E00E738F0 /* build-complete.mp3 */,
				3A4C26932C745D4E00E738F0 /* build-up.mp3 */,
			);
			path = Transition;
			sourceTree = "<group>";
		};
		3A4C26AD2C74D37600E738F0 /* AddTask */ = {
			isa = PBXGroup;
			children = (
				3A4C26AE2C74D38400E738F0 /* Coordinator */,
				3A5D01D22C755F0200F4E9FF /* Data */,
				3A5D01CE2C755E6000F4E9FF /* Domain */,
				3A4C26B02C74D39F00E738F0 /* Presentation */,
			);
			path = AddTask;
			sourceTree = "<group>";
		};
		3A4C26AE2C74D38400E738F0 /* Coordinator */ = {
			isa = PBXGroup;
			children = (
				3A5D01DF2C75638400F4E9FF /* AddTaskCoordinator.swift */,
				3A5D01EA2C75883000F4E9FF /* AddTaskCoordinatorView.swift */,
			);
			path = Coordinator;
			sourceTree = "<group>";
		};
		3A4C26B02C74D39F00E738F0 /* Presentation */ = {
			isa = PBXGroup;
			children = (
				3A5D01ED2C75BB2F00F4E9FF /* ViewModel */,
				3A5D01EC2C75BB2400F4E9FF /* View */,
				3A4C26CA2C74FB7A00E738F0 /* Components */,
			);
			path = Presentation;
			sourceTree = "<group>";
		};
		3A4C26B72C74D77300E738F0 /* TextfieldStyle */ = {
			isa = PBXGroup;
			children = (
				3A4C26B82C74D7A200E738F0 /* CustomTextFieldStyle.swift */,
			);
			path = TextfieldStyle;
			sourceTree = "<group>";
		};
		3A4C26BE2C74F1D600E738F0 /* Subtask */ = {
			isa = PBXGroup;
			children = (
				3A4C26BF2C74F21400E738F0 /* SubtaskModel.swift */,
			);
			path = Subtask;
			sourceTree = "<group>";
		};
		3A4C26C12C74F5DD00E738F0 /* TaskParameters */ = {
			isa = PBXGroup;
			children = (
				3A4C26C42C74F61400E738F0 /* TaskUrgency.swift */,
				3A4C26C62C74F61E00E738F0 /* TaskDifficulty.swift */,
				3A4C26C82C74F62500E738F0 /* TaskFun.swift */,
			);
			path = TaskParameters;
			sourceTree = "<group>";
		};
		3A4C26CA2C74FB7A00E738F0 /* Components */ = {
			isa = PBXGroup;
			children = (
				3A4C26CB2C74FB8600E738F0 /* TitleParameterTaskView.swift */,
				3A4C26CF2C75010D00E738F0 /* SelectionParameterTaskView.swift */,
			);
			path = Components;
			sourceTree = "<group>";
		};
		3A5D01CE2C755E6000F4E9FF /* Domain */ = {
			isa = PBXGroup;
			children = (
				3A5D01CF2C755E7500F4E9FF /* UseCase */,
				3A5D01DC2C7562C200F4E9FF /* Repository */,
			);
			path = Domain;
			sourceTree = "<group>";
		};
		3A5D01CF2C755E7500F4E9FF /* UseCase */ = {
			isa = PBXGroup;
			children = (
				3A5D01D02C755E8200F4E9FF /* AddTaskUseCase.swift */,
			);
			path = UseCase;
			sourceTree = "<group>";
		};
		3A5D01D22C755F0200F4E9FF /* Data */ = {
			isa = PBXGroup;
			children = (
				3A5D01D52C755FD300F4E9FF /* Repository */,
			);
			path = Data;
			sourceTree = "<group>";
		};
		3A5D01D32C755F4C00F4E9FF /* Shared */ = {
			isa = PBXGroup;
			children = (
				3A5D01D42C755F6C00F4E9FF /* Data */,
				3A5D01D82C7561FF00F4E9FF /* Domain */,
			);
			path = Shared;
			sourceTree = "<group>";
		};
		3A5D01D42C755F6C00F4E9FF /* Data */ = {
			isa = PBXGroup;
			children = (
				3A6759ED2C6D048F00983C66 /* Local */,
				3A6759EF2C6D048F00983C66 /* Repository */,
			);
			path = Data;
			sourceTree = "<group>";
		};
		3A5D01D52C755FD300F4E9FF /* Repository */ = {
			isa = PBXGroup;
			children = (
				3A5D01D62C755FE100F4E9FF /* AddTaskRepositoryImpl.swift */,
			);
			path = Repository;
			sourceTree = "<group>";
		};
		3A5D01D82C7561FF00F4E9FF /* Domain */ = {
			isa = PBXGroup;
			children = (
				3A5D02262C75E66100F4E9FF /* Entities */,
				3A5D02252C75E62100F4E9FF /* UseCase */,
			);
			path = Domain;
			sourceTree = "<group>";
		};
		3A5D01D92C75625E00F4E9FF /* Repository */ = {
			isa = PBXGroup;
			children = (
				3A5D01DA2C75627400F4E9FF /* TaskListRepository.swift */,
			);
			path = Repository;
			sourceTree = "<group>";
		};
		3A5D01DC2C7562C200F4E9FF /* Repository */ = {
			isa = PBXGroup;
			children = (
				3A5D01DD2C7562D000F4E9FF /* AddTaskRepository.swift */,
			);
			path = Repository;
			sourceTree = "<group>";
		};
		3A5D01E12C7564E100F4E9FF /* App */ = {
			isa = PBXGroup;
			children = (
				3A5D01E22C7564F800F4E9FF /* AppCoordinator.swift */,
				3A5D01E62C75660600F4E9FF /* AppCoordinatorView.swift */,
				3A5D01E82C7566D500F4E9FF /* AppPresentationStyle.swift */,
			);
			path = App;
			sourceTree = "<group>";
		};
		3A5D01EC2C75BB2400F4E9FF /* View */ = {
			isa = PBXGroup;
			children = (
				3A5D01EE2C75BCAC00F4E9FF /* AddTaskDetailView.swift */,
				3A4C26BC2C74F18600E738F0 /* AddTaskPrioritizationView.swift */,
			);
			path = View;
			sourceTree = "<group>";
		};
		3A5D01ED2C75BB2F00F4E9FF /* ViewModel */ = {
			isa = PBXGroup;
			children = (
				3A4C26B52C74D65100E738F0 /* AddTaskViewModel.swift */,
			);
			path = ViewModel;
			sourceTree = "<group>";
		};
		3A5D01F82C75D17300F4E9FF /* SVG */ = {
			isa = PBXGroup;
			children = (
				3A5D01F92C75D18D00F4E9FF /* art.svg */,
				3A5D021E2C75D86C00F4E9FF /* unlockVector.svg */,
				3A5D02202C75D87100F4E9FF /* shineLockVector.svg */,
			);
			path = SVG;
			sourceTree = "<group>";
		};
		3A5D01FB2C75D21A00F4E9FF /* Lottie */ = {
			isa = PBXGroup;
			children = (
				3A5D01FD2C75D23100F4E9FF /* clickAnimation.json */,
				3A5D01FC2C75D23100F4E9FF /* clickAnimationTransparent.json */,
			);
			path = Lottie;
			sourceTree = "<group>";
		};
		3A5D02022C75D2A400F4E9FF /* RewardShowcase */ = {
			isa = PBXGroup;
			children = (
				3A5D02242C75E3C600F4E9FF /* Coordinator */,
				3A5D02032C75D2D900F4E9FF /* Domain */,
				3A5D02072C75D30600F4E9FF /* Data */,
				3A5D020F2C75D64600F4E9FF /* Presentation */,
			);
			path = RewardShowcase;
			sourceTree = "<group>";
		};
		3A5D02032C75D2D900F4E9FF /* Domain */ = {
			isa = PBXGroup;
			children = (
				3A5D020C2C75D49E00F4E9FF /* UseCase */,
				3A5D020B2C75D3A600F4E9FF /* Entities */,
				3A5D02042C75D2DD00F4E9FF /* Repository */,
			);
			path = Domain;
			sourceTree = "<group>";
		};
		3A5D02042C75D2DD00F4E9FF /* Repository */ = {
			isa = PBXGroup;
			children = (
				3A5D02052C75D2ED00F4E9FF /* RewardListRepository.swift */,
			);
			path = Repository;
			sourceTree = "<group>";
		};
		3A5D02072C75D30600F4E9FF /* Data */ = {
			isa = PBXGroup;
			children = (
				3A5D02082C75D30C00F4E9FF /* Repository */,
			);
			path = Data;
			sourceTree = "<group>";
		};
		3A5D02082C75D30C00F4E9FF /* Repository */ = {
			isa = PBXGroup;
			children = (
				3A5D02092C75D31E00F4E9FF /* RewardListRepositoryImpl.swift */,
			);
			path = Repository;
			sourceTree = "<group>";
		};
		3A5D020B2C75D3A600F4E9FF /* Entities */ = {
			isa = PBXGroup;
			children = (
				3A6759F12C6D048F00983C66 /* RewardModel.swift */,
			);
			path = Entities;
			sourceTree = "<group>";
		};
		3A5D020C2C75D49E00F4E9FF /* UseCase */ = {
			isa = PBXGroup;
			children = (
				3A5D020D2C75D4AE00F4E9FF /* RewardListUseCase.swift */,
			);
			path = UseCase;
			sourceTree = "<group>";
		};
		3A5D020F2C75D64600F4E9FF /* Presentation */ = {
			isa = PBXGroup;
			children = (
				3A5D02112C75D65100F4E9FF /* ViewModel */,
				3A5D02102C75D64E00F4E9FF /* View */,
			);
			path = Presentation;
			sourceTree = "<group>";
		};
		3A5D02102C75D64E00F4E9FF /* View */ = {
			isa = PBXGroup;
			children = (
				3A5D02162C75D68000F4E9FF /* RewardView.swift */,
				3A5D02182C75D68400F4E9FF /* RewardViewModel.swift */,
				3A5D02142C75D67600F4E9FF /* PresentView.swift */,
				3A5D02122C75D66700F4E9FF /* ArtView.swift */,
				3A5D021A2C75D69000F4E9FF /* UnlockedView.swift */,
			);
			path = View;
			sourceTree = "<group>";
		};
		3A5D02112C75D65100F4E9FF /* ViewModel */ = {
			isa = PBXGroup;
			children = (
			);
			path = ViewModel;
			sourceTree = "<group>";
		};
		3A5D02242C75E3C600F4E9FF /* Coordinator */ = {
			isa = PBXGroup;
			children = (
				3A5D02222C75E3BF00F4E9FF /* RewardShowcaseCoordinator.swift */,
			);
			path = Coordinator;
			sourceTree = "<group>";
		};
		3A5D02252C75E62100F4E9FF /* UseCase */ = {
			isa = PBXGroup;
			children = (
				3A5D02272C75E68000F4E9FF /* GetTasksUseCase.swift */,
			);
			path = UseCase;
			sourceTree = "<group>";
		};
		3A5D02262C75E66100F4E9FF /* Entities */ = {
			isa = PBXGroup;
			children = (
				3A6759F62C6D048F00983C66 /* Task */,
				3A4C26BE2C74F1D600E738F0 /* Subtask */,
				3A4C26C12C74F5DD00E738F0 /* TaskParameters */,
			);
			path = Entities;
			sourceTree = "<group>";
		};
		3A5D02292C76182E00F4E9FF /* DetailTask */ = {
			isa = PBXGroup;
			children = (
				3A5D022A2C76184300F4E9FF /* Presentation */,
			);
			path = DetailTask;
			sourceTree = "<group>";
		};
		3A5D022A2C76184300F4E9FF /* Presentation */ = {
			isa = PBXGroup;
			children = (
				3A5D022C2C76184E00F4E9FF /* ViewModel */,
				3A5D022B2C76184A00F4E9FF /* View */,
			);
			path = Presentation;
			sourceTree = "<group>";
		};
		3A5D022B2C76184A00F4E9FF /* View */ = {
			isa = PBXGroup;
			children = (
				3A5D022F2C7618EF00F4E9FF /* DetailTaskViewController.swift */,
				3A5D02312C761A4800F4E9FF /* DetailTaskViewControllerRepresentable.swift */,
			);
			path = View;
			sourceTree = "<group>";
		};
		3A5D022C2C76184E00F4E9FF /* ViewModel */ = {
			isa = PBXGroup;
			children = (
				3A5D022D2C76186B00F4E9FF /* DetailTaskViewModel.swift */,
			);
			path = ViewModel;
			sourceTree = "<group>";
		};
		3A6759D02C6D033A00983C66 = {
			isa = PBXGroup;
			children = (
				3A6759DB2C6D033A00983C66 /* Monotask */,
				3A6759DA2C6D033A00983C66 /* Products */,
			);
			sourceTree = "<group>";
		};
		3A6759DA2C6D033A00983C66 /* Products */ = {
			isa = PBXGroup;
			children = (
				3A6759D92C6D033A00983C66 /* Monotask.app */,
				3ABEE1802C6DB7B00098B08E /* MonotaskTests.xctest */,
			);
			name = Products;
			sourceTree = "<group>";
		};
		3A6759DB2C6D033A00983C66 /* Monotask */ = {
			isa = PBXGroup;
			children = (
				3A675A272C6D090200983C66 /* Info.plist */,
				3A5D01E12C7564E100F4E9FF /* App */,
				3A5D01D32C755F4C00F4E9FF /* Shared */,
				3A675A092C6D049900983C66 /* Infrastructure */,
				3A675A292C6D0BBD00983C66 /* Modules */,
				3A675A282C6D0BA800983C66 /* Utilities */,
				3A675A0B2C6D07F500983C66 /* Resource */,
				3A6759DC2C6D033A00983C66 /* MonotaskApp.swift */,
				3A6759E02C6D033B00983C66 /* Assets.xcassets */,
				E28F05D02C736CA800792A20 /* TERE */,
				3A6759E22C6D033B00983C66 /* Preview Content */,
			);
			path = Monotask;
			sourceTree = "<group>";
		};
		3A6759E22C6D033B00983C66 /* Preview Content */ = {
			isa = PBXGroup;
			children = (
				3A6759E32C6D033B00983C66 /* Preview Assets.xcassets */,
			);
			path = "Preview Content";
			sourceTree = "<group>";
		};
		3A6759EB2C6D048F00983C66 /* Entity */ = {
			isa = PBXGroup;
			children = (
				3A6759EA2C6D048F00983C66 /* TaskLocalEntity.swift */,
				3A5D02002C75D27E00F4E9FF /* RewardLocalEntity.swift */,
			);
			path = Entity;
			sourceTree = "<group>";
		};
		3A6759EC2C6D048F00983C66 /* SwiftData */ = {
			isa = PBXGroup;
			children = (
				3A6759EB2C6D048F00983C66 /* Entity */,
			);
			path = SwiftData;
			sourceTree = "<group>";
		};
		3A6759ED2C6D048F00983C66 /* Local */ = {
			isa = PBXGroup;
			children = (
				3A6759EC2C6D048F00983C66 /* SwiftData */,
			);
			path = Local;
			sourceTree = "<group>";
		};
		3A6759EF2C6D048F00983C66 /* Repository */ = {
			isa = PBXGroup;
			children = (
				3A6759EE2C6D048F00983C66 /* TaskListRepositoryImpl.swift */,
			);
			path = Repository;
			sourceTree = "<group>";
		};
		3A6759F02C6D048F00983C66 /* Data */ = {
			isa = PBXGroup;
			children = (
			);
			path = Data;
			sourceTree = "<group>";
		};
		3A6759F22C6D048F00983C66 /* Reward */ = {
			isa = PBXGroup;
			children = (
			);
			path = Reward;
			sourceTree = "<group>";
		};
		3A6759F42C6D048F00983C66 /* RewardPiece */ = {
			isa = PBXGroup;
			children = (
				3A6759F32C6D048F00983C66 /* RewardPieceModel.swift */,
			);
			path = RewardPiece;
			sourceTree = "<group>";
		};
		3A6759F62C6D048F00983C66 /* Task */ = {
			isa = PBXGroup;
			children = (
				3A6759F52C6D048F00983C66 /* TaskModel.swift */,
			);
			path = Task;
			sourceTree = "<group>";
		};
		3A6759F72C6D048F00983C66 /* Entities */ = {
			isa = PBXGroup;
			children = (
				3A6759F22C6D048F00983C66 /* Reward */,
				3A6759F42C6D048F00983C66 /* RewardPiece */,
			);
			path = Entities;
			sourceTree = "<group>";
		};
		3A6759F92C6D048F00983C66 /* UseCase */ = {
			isa = PBXGroup;
			children = (
				3A6759F82C6D048F00983C66 /* TaskListUseCase.swift */,
			);
			path = UseCase;
			sourceTree = "<group>";
		};
		3A6759FA2C6D048F00983C66 /* Domain */ = {
			isa = PBXGroup;
			children = (
				3A6759F72C6D048F00983C66 /* Entities */,
				3A6759F92C6D048F00983C66 /* UseCase */,
				3A5D01D92C75625E00F4E9FF /* Repository */,
			);
			path = Domain;
			sourceTree = "<group>";
		};
		3A6759FD2C6D048F00983C66 /* Presentation */ = {
			isa = PBXGroup;
			children = (
				3ABEE1792C6D20AF0098B08E /* View */,
				3A6759FB2C6D048F00983C66 /* TaskListView.swift */,
				3A6759FC2C6D048F00983C66 /* TaskListViewModel.swift */,
			);
			path = Presentation;
			sourceTree = "<group>";
		};
		3A6759FE2C6D048F00983C66 /* TaskList */ = {
			isa = PBXGroup;
			children = (
				3ABEE1992C70DB850098B08E /* Coordinator */,
				3A6759F02C6D048F00983C66 /* Data */,
				3A6759FA2C6D048F00983C66 /* Domain */,
				3A6759FD2C6D048F00983C66 /* Presentation */,
			);
			path = TaskList;
			sourceTree = "<group>";
		};
		3A675A082C6D049900983C66 /* SwiftData */ = {
			isa = PBXGroup;
			children = (
				3A675A072C6D049900983C66 /* SwiftDataContextManager.swift */,
			);
			path = SwiftData;
			sourceTree = "<group>";
		};
		3A675A092C6D049900983C66 /* Infrastructure */ = {
			isa = PBXGroup;
			children = (
				3A4C26772C7335DF00E738F0 /* AVFAudio */,
				3AB295082C71B6C60026F5AA /* CoreHaptics */,
				3A675A082C6D049900983C66 /* SwiftData */,
			);
			path = Infrastructure;
			sourceTree = "<group>";
		};
		3A675A0B2C6D07F500983C66 /* Resource */ = {
			isa = PBXGroup;
			children = (
				3A5D01FB2C75D21A00F4E9FF /* Lottie */,
				3A5D01F82C75D17300F4E9FF /* SVG */,
				3A675A0C2C6D07FA00983C66 /* Fonts */,
				3AB294F32C7186160026F5AA /* Haptics */,
				3A4C267A2C7340E000E738F0 /* Sound Effects */,
			);
			path = Resource;
			sourceTree = "<group>";
		};
		3A675A0C2C6D07FA00983C66 /* Fonts */ = {
			isa = PBXGroup;
			children = (
				3A675A2D2C6D0EC900983C66 /* Oswald */,
			);
			path = Fonts;
			sourceTree = "<group>";
		};
		3A675A282C6D0BA800983C66 /* Utilities */ = {
			isa = PBXGroup;
			children = (
				3ABEE18E2C6EDB6B0098B08E /* Design System */,
				3A675A2A2C6D0BC600983C66 /* Extensions */,
			);
			path = Utilities;
			sourceTree = "<group>";
		};
		3A675A292C6D0BBD00983C66 /* Modules */ = {
			isa = PBXGroup;
			children = (
				3A5D02292C76182E00F4E9FF /* DetailTask */,
				3A5D02022C75D2A400F4E9FF /* RewardShowcase */,
				3A4C26AD2C74D37600E738F0 /* AddTask */,
				3A6759FE2C6D048F00983C66 /* TaskList */,
			);
			path = Modules;
			sourceTree = "<group>";
		};
		3A675A2A2C6D0BC600983C66 /* Extensions */ = {
			isa = PBXGroup;
			children = (
				3A675A2B2C6D0BD300983C66 /* Font+Extension.swift */,
				3ABEE1772C6D14090098B08E /* Color+Extension.swift */,
				3A5D02332C769C0100F4E9FF /* UIFont+Extension.swift */,
			);
			path = Extensions;
			sourceTree = "<group>";
		};
		3A675A2D2C6D0EC900983C66 /* Oswald */ = {
			isa = PBXGroup;
			children = (
				3A675A212C6D085600983C66 /* Oswald-ExtraLight.ttf */,
				3A675A1D2C6D083C00983C66 /* Oswald-Light.ttf */,
				3A675A232C6D08C500983C66 /* Oswald-Regular.ttf */,
				3A675A0D2C6D080800983C66 /* Oswald-Medium.ttf */,
				3A675A1F2C6D084B00983C66 /* Oswald-Bold.ttf */,
				3A675A252C6D08CF00983C66 /* Oswald-SemiBold.ttf */,
			);
			path = Oswald;
			sourceTree = "<group>";
		};
		3AB294F32C7186160026F5AA /* Haptics */ = {
			isa = PBXGroup;
			children = (
				3AB295062C71B1EF0026F5AA /* Transition.ahap */,
				3AB2950D2C7209110026F5AA /* Sparkle.ahap */,
				3AB294F62C719BEA0026F5AA /* Gravel.ahap */,
				3AB295022C71AC900026F5AA /* Inflate.ahap */,
			);
			path = Haptics;
			sourceTree = "<group>";
		};
		3AB295082C71B6C60026F5AA /* CoreHaptics */ = {
			isa = PBXGroup;
			children = (
				3AB295092C71B6DB0026F5AA /* CoreHapticsManager.swift */,
			);
			path = CoreHaptics;
			sourceTree = "<group>";
		};
		3ABEE1792C6D20AF0098B08E /* View */ = {
			isa = PBXGroup;
			children = (
				3ABEE17A2C6D20BA0098B08E /* CheckTaskView.swift */,
			);
			path = View;
			sourceTree = "<group>";
		};
		3ABEE18D2C6EDB3F0098B08E /* ButtonStyle */ = {
			isa = PBXGroup;
			children = (
				3ABEE1952C6EDC8E0098B08E /* CallToActionButtonStyle.swift */,
				3A4C26BA2C74E1AF00E738F0 /* CustomCircleButtonStyle.swift */,
				3A5D021C2C75D77C00F4E9FF /* BackButtonStyle.swift */,
			);
			path = ButtonStyle;
			sourceTree = "<group>";
		};
		3ABEE18E2C6EDB6B0098B08E /* Design System */ = {
			isa = PBXGroup;
			children = (
				3A4C26B72C74D77300E738F0 /* TextfieldStyle */,
				3ABEE18D2C6EDB3F0098B08E /* ButtonStyle */,
				3ABEE1902C6EDB780098B08E /* Colors */,
				3ABEE18F2C6EDB720098B08E /* Fonts */,
			);
			path = "Design System";
			sourceTree = "<group>";
		};
		3ABEE18F2C6EDB720098B08E /* Fonts */ = {
			isa = PBXGroup;
			children = (
				3ABEE1932C6EDC1A0098B08E /* Oswald.swift */,
			);
			path = Fonts;
			sourceTree = "<group>";
		};
		3ABEE1902C6EDB780098B08E /* Colors */ = {
			isa = PBXGroup;
			children = (
				3ABEE1972C6EDD7F0098B08E /* AppColors.swift */,
			);
			path = Colors;
			sourceTree = "<group>";
		};
		3ABEE1992C70DB850098B08E /* Coordinator */ = {
			isa = PBXGroup;
			children = (
				3AB2950F2C7209250026F5AA /* TaskListCoordinator.swift */,
			);
			path = Coordinator;
			sourceTree = "<group>";
		};
		E28F05D02C736CA800792A20 /* TERE */ = {
			isa = PBXGroup;
			children = (
				E28F05D22C736CF900792A20 /* Component */,
				E28F05D12C736CED00792A20 /* zzz */,
			);
			path = TERE;
			sourceTree = "<group>";
		};
		E28F05D12C736CED00792A20 /* zzz */ = {
			isa = PBXGroup;
			children = (
				E23AB5C92C736DF3006CE04D /* CreateTaskModel.swift */,
				E23AB5CB2C736E03006CE04D /* CreateTaskViewModel.swift */,
				E202CD0A2C74468100AEF012 /* EditTaskViewModel.swift */,
				E23AB5CD2C736E11006CE04D /* CreateTaskView.swift */,
				E23AB5CF2C736E23006CE04D /* CreateTaskView2.swift */,
				E225BD392C74457F00A66FD3 /* EditTaskView.swift */,
				E225BD3B2C7445B000A66FD3 /* EditTaskView2.swift */,
			);
			path = zzz;
			sourceTree = "<group>";
		};
		E28F05D22C736CF900792A20 /* Component */ = {
			isa = PBXGroup;
			children = (
				E23AB5D12C736E36006CE04D /* TitleView.swift */,
				E23AB5D32C736E45006CE04D /* ParameterTitleSelectionView.swift */,
				E23AB5D52C736E53006CE04D /* ParameterSelectionView.swift */,
				E23AB5D72C736E64006CE04D /* TaskTitleTextField.swift */,
				E23AB5D92C736E78006CE04D /* AddSubtaskTextField.swift */,
			);
			path = Component;
			sourceTree = "<group>";
		};
/* End PBXGroup section */

/* Begin PBXNativeTarget section */
		3A6759D82C6D033A00983C66 /* Monotask */ = {
			isa = PBXNativeTarget;
			buildConfigurationList = 3A6759E72C6D033C00983C66 /* Build configuration list for PBXNativeTarget "Monotask" */;
			buildPhases = (
				3A6759D52C6D033A00983C66 /* Sources */,
				3A6759D62C6D033A00983C66 /* Frameworks */,
				3A6759D72C6D033A00983C66 /* Resources */,
			);
			buildRules = (
			);
			dependencies = (
			);
			name = Monotask;
			packageProductDependencies = (
				3A5D01F32C75CD9E00F4E9FF /* Lottie */,
				3A5D01F62C75CDAC00F4E9FF /* SVGView */,
			);
			productName = Monotask;
			productReference = 3A6759D92C6D033A00983C66 /* Monotask.app */;
			productType = "com.apple.product-type.application";
		};
		3ABEE17F2C6DB7B00098B08E /* MonotaskTests */ = {
			isa = PBXNativeTarget;
			buildConfigurationList = 3ABEE1862C6DB7B00098B08E /* Build configuration list for PBXNativeTarget "MonotaskTests" */;
			buildPhases = (
				3ABEE17C2C6DB7B00098B08E /* Sources */,
				3ABEE17D2C6DB7B00098B08E /* Frameworks */,
				3ABEE17E2C6DB7B00098B08E /* Resources */,
			);
			buildRules = (
			);
			dependencies = (
				3ABEE1852C6DB7B00098B08E /* PBXTargetDependency */,
			);
			name = MonotaskTests;
			productName = MonotaskTests;
			productReference = 3ABEE1802C6DB7B00098B08E /* MonotaskTests.xctest */;
			productType = "com.apple.product-type.bundle.unit-test";
		};
/* End PBXNativeTarget section */

/* Begin PBXProject section */
		3A6759D12C6D033A00983C66 /* Project object */ = {
			isa = PBXProject;
			attributes = {
				BuildIndependentTargetsInParallel = 1;
				LastSwiftUpdateCheck = 1540;
				LastUpgradeCheck = 1540;
				TargetAttributes = {
					3A6759D82C6D033A00983C66 = {
						CreatedOnToolsVersion = 15.4;
					};
					3ABEE17F2C6DB7B00098B08E = {
						CreatedOnToolsVersion = 15.4;
						TestTargetID = 3A6759D82C6D033A00983C66;
					};
				};
			};
			buildConfigurationList = 3A6759D42C6D033A00983C66 /* Build configuration list for PBXProject "Monotask" */;
			compatibilityVersion = "Xcode 14.0";
			developmentRegion = en;
			hasScannedForEncodings = 0;
			knownRegions = (
				en,
				Base,
			);
			mainGroup = 3A6759D02C6D033A00983C66;
			packageReferences = (
				3A5D01F22C75CD9E00F4E9FF /* XCRemoteSwiftPackageReference "lottie-spm" */,
				3A5D01F52C75CDAC00F4E9FF /* XCRemoteSwiftPackageReference "SVGView" */,
			);
			productRefGroup = 3A6759DA2C6D033A00983C66 /* Products */;
			projectDirPath = "";
			projectRoot = "";
			targets = (
				3A6759D82C6D033A00983C66 /* Monotask */,
				3ABEE17F2C6DB7B00098B08E /* MonotaskTests */,
			);
		};
/* End PBXProject section */

/* Begin PBXResourcesBuildPhase section */
		3A6759D72C6D033A00983C66 /* Resources */ = {
			isa = PBXResourcesBuildPhase;
			buildActionMask = 2147483647;
			files = (
				3A5D01FA2C75D18D00F4E9FF /* art.svg in Resources */,
				3A5D01FF2C75D23100F4E9FF /* clickAnimation.json in Resources */,
				3A4C26952C745D4E00E738F0 /* build-up.mp3 in Resources */,
				3A5D01F12C75BF1D00F4E9FF /* created.mp3 in Resources */,
				3AB295032C71AC900026F5AA /* Inflate.ahap in Resources */,
				3A4C26942C745D4E00E738F0 /* build-complete.mp3 in Resources */,
				3A675A222C6D085600983C66 /* Oswald-ExtraLight.ttf in Resources */,
				3A675A1E2C6D083C00983C66 /* Oswald-Light.ttf in Resources */,
				3A675A242C6D08C500983C66 /* Oswald-Regular.ttf in Resources */,
				3A675A132C6D080800983C66 /* Oswald-Medium.ttf in Resources */,
				3A5D02382C76A24000F4E9FF /* idle.mp3 in Resources */,
				3AB294F72C719BEA0026F5AA /* Gravel.ahap in Resources */,
				3A675A202C6D084B00983C66 /* Oswald-Bold.ttf in Resources */,
				3A675A262C6D08CF00983C66 /* Oswald-SemiBold.ttf in Resources */,
				3AB2950E2C7209110026F5AA /* Sparkle.ahap in Resources */,
				3A6759E42C6D033B00983C66 /* Preview Assets.xcassets in Resources */,
				3A5D01FE2C75D23100F4E9FF /* clickAnimationTransparent.json in Resources */,
				3A5D02362C76A09D00F4E9FF /* switched.mp3 in Resources */,
				3A5D02212C75D87100F4E9FF /* shineLockVector.svg in Resources */,
				3A6759E12C6D033B00983C66 /* Assets.xcassets in Resources */,
				3A5D021F2C75D86C00F4E9FF /* unlockVector.svg in Resources */,
				3AB295072C71B1EF0026F5AA /* Transition.ahap in Resources */,
			);
			runOnlyForDeploymentPostprocessing = 0;
		};
		3ABEE17E2C6DB7B00098B08E /* Resources */ = {
			isa = PBXResourcesBuildPhase;
			buildActionMask = 2147483647;
			files = (
			);
			runOnlyForDeploymentPostprocessing = 0;
		};
/* End PBXResourcesBuildPhase section */

/* Begin PBXSourcesBuildPhase section */
		3A6759D52C6D033A00983C66 /* Sources */ = {
			isa = PBXSourcesBuildPhase;
			buildActionMask = 2147483647;
			files = (
				3A5D01DB2C75627400F4E9FF /* TaskListRepository.swift in Sources */,
				3A5D02062C75D2ED00F4E9FF /* RewardListRepository.swift in Sources */,
				3A675A042C6D048F00983C66 /* TaskListUseCase.swift in Sources */,
				E202CD0B2C74468100AEF012 /* EditTaskViewModel.swift in Sources */,
				3ABEE1942C6EDC1A0098B08E /* Oswald.swift in Sources */,
				3A5D021B2C75D69000F4E9FF /* UnlockedView.swift in Sources */,
				3A4C26792C73362700E738F0 /* AudioManager.swift in Sources */,
				3ABEE1962C6EDC8E0098B08E /* CallToActionButtonStyle.swift in Sources */,
				3A4C26CC2C74FB8600E738F0 /* TitleParameterTaskView.swift in Sources */,
				3A6759FF2C6D048F00983C66 /* TaskLocalEntity.swift in Sources */,
				3A4C26B62C74D65100E738F0 /* AddTaskViewModel.swift in Sources */,
				3A5D02132C75D66700F4E9FF /* ArtView.swift in Sources */,
				3A4C26C52C74F61400E738F0 /* TaskUrgency.swift in Sources */,
				3A5D01D72C755FE100F4E9FF /* AddTaskRepositoryImpl.swift in Sources */,
				3A4C26BD2C74F18600E738F0 /* AddTaskPrioritizationView.swift in Sources */,
				3A4C26D02C75010E00E738F0 /* SelectionParameterTaskView.swift in Sources */,
				3A5D02172C75D68000F4E9FF /* RewardView.swift in Sources */,
				E23AB5CA2C736DF3006CE04D /* CreateTaskModel.swift in Sources */,
				3A5D02152C75D67600F4E9FF /* PresentView.swift in Sources */,
				3A675A0A2C6D049900983C66 /* SwiftDataContextManager.swift in Sources */,
				E23AB5D82C736E64006CE04D /* TaskTitleTextField.swift in Sources */,
				3AB2950A2C71B6DB0026F5AA /* CoreHapticsManager.swift in Sources */,
				3A675A052C6D048F00983C66 /* TaskListView.swift in Sources */,
				3ABEE1982C6EDD7F0098B08E /* AppColors.swift in Sources */,
				3A5D01D12C755E8200F4E9FF /* AddTaskUseCase.swift in Sources */,
				3A5D01E72C75660600F4E9FF /* AppCoordinatorView.swift in Sources */,
				3A4C26C02C74F21400E738F0 /* SubtaskModel.swift in Sources */,
				3ABEE17B2C6D20BA0098B08E /* CheckTaskView.swift in Sources */,
				3A5D01E02C75638400F4E9FF /* AddTaskCoordinator.swift in Sources */,
				3A675A002C6D048F00983C66 /* TaskListRepositoryImpl.swift in Sources */,
				3A5D020E2C75D4AE00F4E9FF /* RewardListUseCase.swift in Sources */,
				3A675A2C2C6D0BD300983C66 /* Font+Extension.swift in Sources */,
				3A5D01E92C7566D500F4E9FF /* AppPresentationStyle.swift in Sources */,
				3A5D01EB2C75883000F4E9FF /* AddTaskCoordinatorView.swift in Sources */,
				3A5D02302C7618EF00F4E9FF /* DetailTaskViewController.swift in Sources */,
				E23AB5CC2C736E03006CE04D /* CreateTaskViewModel.swift in Sources */,
				3A5D01EF2C75BCAC00F4E9FF /* AddTaskDetailView.swift in Sources */,
				E23AB5D62C736E53006CE04D /* ParameterSelectionView.swift in Sources */,
				3A675A022C6D048F00983C66 /* RewardPieceModel.swift in Sources */,
				3A5D022E2C76186B00F4E9FF /* DetailTaskViewModel.swift in Sources */,
				3A675A012C6D048F00983C66 /* RewardModel.swift in Sources */,
				3A5D020A2C75D31E00F4E9FF /* RewardListRepositoryImpl.swift in Sources */,
				E225BD3A2C74457F00A66FD3 /* EditTaskView.swift in Sources */,
				3A4C26B92C74D7A200E738F0 /* CustomTextFieldStyle.swift in Sources */,
				3A5D02192C75D68400F4E9FF /* RewardViewModel.swift in Sources */,
				E23AB5D42C736E45006CE04D /* ParameterTitleSelectionView.swift in Sources */,
				3AB295102C7209250026F5AA /* TaskListCoordinator.swift in Sources */,
				3A4C26C72C74F61E00E738F0 /* TaskDifficulty.swift in Sources */,
				3A5D01DE2C7562D000F4E9FF /* AddTaskRepository.swift in Sources */,
				3A5D021D2C75D77D00F4E9FF /* BackButtonStyle.swift in Sources */,
				3A5D01E32C7564F800F4E9FF /* AppCoordinator.swift in Sources */,
				E225BD3C2C7445B000A66FD3 /* EditTaskView2.swift in Sources */,
				E23AB5D02C736E23006CE04D /* CreateTaskView2.swift in Sources */,
				3A675A062C6D048F00983C66 /* TaskListViewModel.swift in Sources */,
				3A5D02232C75E3BF00F4E9FF /* RewardShowcaseCoordinator.swift in Sources */,
				3A5D02012C75D27E00F4E9FF /* RewardLocalEntity.swift in Sources */,
				3A5D02342C769C0100F4E9FF /* UIFont+Extension.swift in Sources */,
				3A6759DD2C6D033A00983C66 /* MonotaskApp.swift in Sources */,
				3A5D02282C75E68000F4E9FF /* GetTasksUseCase.swift in Sources */,
				E23AB5DA2C736E78006CE04D /* AddSubtaskTextField.swift in Sources */,
				E23AB5CE2C736E11006CE04D /* CreateTaskView.swift in Sources */,
				3A675A032C6D048F00983C66 /* TaskModel.swift in Sources */,
				3A4C26C92C74F62500E738F0 /* TaskFun.swift in Sources */,
				3ABEE1782C6D14090098B08E /* Color+Extension.swift in Sources */,
				3A4C26BB2C74E1AF00E738F0 /* CustomCircleButtonStyle.swift in Sources */,
				E23AB5D22C736E36006CE04D /* TitleView.swift in Sources */,
				3A5D02322C761A4800F4E9FF /* DetailTaskViewControllerRepresentable.swift in Sources */,
			);
			runOnlyForDeploymentPostprocessing = 0;
		};
		3ABEE17C2C6DB7B00098B08E /* Sources */ = {
			isa = PBXSourcesBuildPhase;
			buildActionMask = 2147483647;
			files = (
			);
			runOnlyForDeploymentPostprocessing = 0;
		};
/* End PBXSourcesBuildPhase section */

/* Begin PBXTargetDependency section */
		3ABEE1852C6DB7B00098B08E /* PBXTargetDependency */ = {
			isa = PBXTargetDependency;
			target = 3A6759D82C6D033A00983C66 /* Monotask */;
			targetProxy = 3ABEE1842C6DB7B00098B08E /* PBXContainerItemProxy */;
		};
/* End PBXTargetDependency section */

/* Begin XCBuildConfiguration section */
		3A6759E52C6D033B00983C66 /* Debug */ = {
			isa = XCBuildConfiguration;
			buildSettings = {
				ALWAYS_SEARCH_USER_PATHS = NO;
				ASSETCATALOG_COMPILER_GENERATE_SWIFT_ASSET_SYMBOL_EXTENSIONS = YES;
				CLANG_ANALYZER_NONNULL = YES;
				CLANG_ANALYZER_NUMBER_OBJECT_CONVERSION = YES_AGGRESSIVE;
				CLANG_CXX_LANGUAGE_STANDARD = "gnu++20";
				CLANG_ENABLE_MODULES = YES;
				CLANG_ENABLE_OBJC_ARC = YES;
				CLANG_ENABLE_OBJC_WEAK = YES;
				CLANG_WARN_BLOCK_CAPTURE_AUTORELEASING = YES;
				CLANG_WARN_BOOL_CONVERSION = YES;
				CLANG_WARN_COMMA = YES;
				CLANG_WARN_CONSTANT_CONVERSION = YES;
				CLANG_WARN_DEPRECATED_OBJC_IMPLEMENTATIONS = YES;
				CLANG_WARN_DIRECT_OBJC_ISA_USAGE = YES_ERROR;
				CLANG_WARN_DOCUMENTATION_COMMENTS = YES;
				CLANG_WARN_EMPTY_BODY = YES;
				CLANG_WARN_ENUM_CONVERSION = YES;
				CLANG_WARN_INFINITE_RECURSION = YES;
				CLANG_WARN_INT_CONVERSION = YES;
				CLANG_WARN_NON_LITERAL_NULL_CONVERSION = YES;
				CLANG_WARN_OBJC_IMPLICIT_RETAIN_SELF = YES;
				CLANG_WARN_OBJC_LITERAL_CONVERSION = YES;
				CLANG_WARN_OBJC_ROOT_CLASS = YES_ERROR;
				CLANG_WARN_QUOTED_INCLUDE_IN_FRAMEWORK_HEADER = YES;
				CLANG_WARN_RANGE_LOOP_ANALYSIS = YES;
				CLANG_WARN_STRICT_PROTOTYPES = YES;
				CLANG_WARN_SUSPICIOUS_MOVE = YES;
				CLANG_WARN_UNGUARDED_AVAILABILITY = YES_AGGRESSIVE;
				CLANG_WARN_UNREACHABLE_CODE = YES;
				CLANG_WARN__DUPLICATE_METHOD_MATCH = YES;
				COPY_PHASE_STRIP = NO;
				DEBUG_INFORMATION_FORMAT = dwarf;
				ENABLE_STRICT_OBJC_MSGSEND = YES;
				ENABLE_TESTABILITY = YES;
				ENABLE_USER_SCRIPT_SANDBOXING = YES;
				GCC_C_LANGUAGE_STANDARD = gnu17;
				GCC_DYNAMIC_NO_PIC = NO;
				GCC_NO_COMMON_BLOCKS = YES;
				GCC_OPTIMIZATION_LEVEL = 0;
				GCC_PREPROCESSOR_DEFINITIONS = (
					"DEBUG=1",
					"$(inherited)",
				);
				GCC_WARN_64_TO_32_BIT_CONVERSION = YES;
				GCC_WARN_ABOUT_RETURN_TYPE = YES_ERROR;
				GCC_WARN_UNDECLARED_SELECTOR = YES;
				GCC_WARN_UNINITIALIZED_AUTOS = YES_AGGRESSIVE;
				GCC_WARN_UNUSED_FUNCTION = YES;
				GCC_WARN_UNUSED_VARIABLE = YES;
				IPHONEOS_DEPLOYMENT_TARGET = 17.5;
				LOCALIZATION_PREFERS_STRING_CATALOGS = YES;
				MTL_ENABLE_DEBUG_INFO = INCLUDE_SOURCE;
				MTL_FAST_MATH = YES;
				ONLY_ACTIVE_ARCH = YES;
				SDKROOT = iphoneos;
				SWIFT_ACTIVE_COMPILATION_CONDITIONS = "DEBUG $(inherited)";
				SWIFT_OPTIMIZATION_LEVEL = "-Onone";
			};
			name = Debug;
		};
		3A6759E62C6D033B00983C66 /* Release */ = {
			isa = XCBuildConfiguration;
			buildSettings = {
				ALWAYS_SEARCH_USER_PATHS = NO;
				ASSETCATALOG_COMPILER_GENERATE_SWIFT_ASSET_SYMBOL_EXTENSIONS = YES;
				CLANG_ANALYZER_NONNULL = YES;
				CLANG_ANALYZER_NUMBER_OBJECT_CONVERSION = YES_AGGRESSIVE;
				CLANG_CXX_LANGUAGE_STANDARD = "gnu++20";
				CLANG_ENABLE_MODULES = YES;
				CLANG_ENABLE_OBJC_ARC = YES;
				CLANG_ENABLE_OBJC_WEAK = YES;
				CLANG_WARN_BLOCK_CAPTURE_AUTORELEASING = YES;
				CLANG_WARN_BOOL_CONVERSION = YES;
				CLANG_WARN_COMMA = YES;
				CLANG_WARN_CONSTANT_CONVERSION = YES;
				CLANG_WARN_DEPRECATED_OBJC_IMPLEMENTATIONS = YES;
				CLANG_WARN_DIRECT_OBJC_ISA_USAGE = YES_ERROR;
				CLANG_WARN_DOCUMENTATION_COMMENTS = YES;
				CLANG_WARN_EMPTY_BODY = YES;
				CLANG_WARN_ENUM_CONVERSION = YES;
				CLANG_WARN_INFINITE_RECURSION = YES;
				CLANG_WARN_INT_CONVERSION = YES;
				CLANG_WARN_NON_LITERAL_NULL_CONVERSION = YES;
				CLANG_WARN_OBJC_IMPLICIT_RETAIN_SELF = YES;
				CLANG_WARN_OBJC_LITERAL_CONVERSION = YES;
				CLANG_WARN_OBJC_ROOT_CLASS = YES_ERROR;
				CLANG_WARN_QUOTED_INCLUDE_IN_FRAMEWORK_HEADER = YES;
				CLANG_WARN_RANGE_LOOP_ANALYSIS = YES;
				CLANG_WARN_STRICT_PROTOTYPES = YES;
				CLANG_WARN_SUSPICIOUS_MOVE = YES;
				CLANG_WARN_UNGUARDED_AVAILABILITY = YES_AGGRESSIVE;
				CLANG_WARN_UNREACHABLE_CODE = YES;
				CLANG_WARN__DUPLICATE_METHOD_MATCH = YES;
				COPY_PHASE_STRIP = NO;
				DEBUG_INFORMATION_FORMAT = "dwarf-with-dsym";
				ENABLE_NS_ASSERTIONS = NO;
				ENABLE_STRICT_OBJC_MSGSEND = YES;
				ENABLE_USER_SCRIPT_SANDBOXING = YES;
				GCC_C_LANGUAGE_STANDARD = gnu17;
				GCC_NO_COMMON_BLOCKS = YES;
				GCC_WARN_64_TO_32_BIT_CONVERSION = YES;
				GCC_WARN_ABOUT_RETURN_TYPE = YES_ERROR;
				GCC_WARN_UNDECLARED_SELECTOR = YES;
				GCC_WARN_UNINITIALIZED_AUTOS = YES_AGGRESSIVE;
				GCC_WARN_UNUSED_FUNCTION = YES;
				GCC_WARN_UNUSED_VARIABLE = YES;
				IPHONEOS_DEPLOYMENT_TARGET = 17.5;
				LOCALIZATION_PREFERS_STRING_CATALOGS = YES;
				MTL_ENABLE_DEBUG_INFO = NO;
				MTL_FAST_MATH = YES;
				SDKROOT = iphoneos;
				SWIFT_COMPILATION_MODE = wholemodule;
				VALIDATE_PRODUCT = YES;
			};
			name = Release;
		};
		3A6759E82C6D033C00983C66 /* Debug */ = {
			isa = XCBuildConfiguration;
			buildSettings = {
				ASSETCATALOG_COMPILER_APPICON_NAME = AppIcon;
				ASSETCATALOG_COMPILER_GLOBAL_ACCENT_COLOR_NAME = AccentColor;
				CODE_SIGN_STYLE = Automatic;
				CURRENT_PROJECT_VERSION = 1;
				DEVELOPMENT_ASSET_PATHS = "\"Monotask/Preview Content\"";
				DEVELOPMENT_TEAM = QJ4D5LRK3T;
				ENABLE_PREVIEWS = YES;
				GENERATE_INFOPLIST_FILE = YES;
				INFOPLIST_FILE = Monotask/Info.plist;
				INFOPLIST_KEY_UIApplicationSceneManifest_Generation = YES;
				INFOPLIST_KEY_UIApplicationSupportsIndirectInputEvents = YES;
				INFOPLIST_KEY_UILaunchScreen_Generation = YES;
				INFOPLIST_KEY_UISupportedInterfaceOrientations_iPad = "UIInterfaceOrientationPortrait UIInterfaceOrientationPortraitUpsideDown UIInterfaceOrientationLandscapeLeft UIInterfaceOrientationLandscapeRight";
				INFOPLIST_KEY_UISupportedInterfaceOrientations_iPhone = "UIInterfaceOrientationPortrait UIInterfaceOrientationLandscapeLeft UIInterfaceOrientationLandscapeRight";
				LD_RUNPATH_SEARCH_PATHS = (
					"$(inherited)",
					"@executable_path/Frameworks",
				);
				MARKETING_VERSION = 1.0;
				PRODUCT_BUNDLE_IDENTIFIER = com.dikidwid.Monotask;
				PRODUCT_NAME = "$(TARGET_NAME)";
				SWIFT_EMIT_LOC_STRINGS = YES;
				SWIFT_VERSION = 5.0;
				TARGETED_DEVICE_FAMILY = "1,2";
			};
			name = Debug;
		};
		3A6759E92C6D033C00983C66 /* Release */ = {
			isa = XCBuildConfiguration;
			buildSettings = {
				ASSETCATALOG_COMPILER_APPICON_NAME = AppIcon;
				ASSETCATALOG_COMPILER_GLOBAL_ACCENT_COLOR_NAME = AccentColor;
				CODE_SIGN_STYLE = Automatic;
				CURRENT_PROJECT_VERSION = 1;
				DEVELOPMENT_ASSET_PATHS = "\"Monotask/Preview Content\"";
				DEVELOPMENT_TEAM = QJ4D5LRK3T;
				ENABLE_PREVIEWS = YES;
				GENERATE_INFOPLIST_FILE = YES;
				INFOPLIST_FILE = Monotask/Info.plist;
				INFOPLIST_KEY_UIApplicationSceneManifest_Generation = YES;
				INFOPLIST_KEY_UIApplicationSupportsIndirectInputEvents = YES;
				INFOPLIST_KEY_UILaunchScreen_Generation = YES;
				INFOPLIST_KEY_UISupportedInterfaceOrientations_iPad = "UIInterfaceOrientationPortrait UIInterfaceOrientationPortraitUpsideDown UIInterfaceOrientationLandscapeLeft UIInterfaceOrientationLandscapeRight";
				INFOPLIST_KEY_UISupportedInterfaceOrientations_iPhone = "UIInterfaceOrientationPortrait UIInterfaceOrientationLandscapeLeft UIInterfaceOrientationLandscapeRight";
				LD_RUNPATH_SEARCH_PATHS = (
					"$(inherited)",
					"@executable_path/Frameworks",
				);
				MARKETING_VERSION = 1.0;
				PRODUCT_BUNDLE_IDENTIFIER = com.dikidwid.Monotask;
				PRODUCT_NAME = "$(TARGET_NAME)";
				SWIFT_EMIT_LOC_STRINGS = YES;
				SWIFT_VERSION = 5.0;
				TARGETED_DEVICE_FAMILY = "1,2";
			};
			name = Release;
		};
		3ABEE1872C6DB7B00098B08E /* Debug */ = {
			isa = XCBuildConfiguration;
			buildSettings = {
				BUNDLE_LOADER = "$(TEST_HOST)";
				CODE_SIGN_STYLE = Automatic;
				CURRENT_PROJECT_VERSION = 1;
				DEVELOPMENT_TEAM = QJ4D5LRK3T;
				GENERATE_INFOPLIST_FILE = YES;
				MARKETING_VERSION = 1.0;
				PRODUCT_BUNDLE_IDENTIFIER = com.dikidwid.MonotaskTests;
				PRODUCT_NAME = "$(TARGET_NAME)";
				SWIFT_EMIT_LOC_STRINGS = NO;
				SWIFT_VERSION = 5.0;
				TARGETED_DEVICE_FAMILY = "1,2";
				TEST_HOST = "$(BUILT_PRODUCTS_DIR)/Monotask.app/$(BUNDLE_EXECUTABLE_FOLDER_PATH)/Monotask";
			};
			name = Debug;
		};
		3ABEE1882C6DB7B00098B08E /* Release */ = {
			isa = XCBuildConfiguration;
			buildSettings = {
				BUNDLE_LOADER = "$(TEST_HOST)";
				CODE_SIGN_STYLE = Automatic;
				CURRENT_PROJECT_VERSION = 1;
				DEVELOPMENT_TEAM = QJ4D5LRK3T;
				GENERATE_INFOPLIST_FILE = YES;
				MARKETING_VERSION = 1.0;
				PRODUCT_BUNDLE_IDENTIFIER = com.dikidwid.MonotaskTests;
				PRODUCT_NAME = "$(TARGET_NAME)";
				SWIFT_EMIT_LOC_STRINGS = NO;
				SWIFT_VERSION = 5.0;
				TARGETED_DEVICE_FAMILY = "1,2";
				TEST_HOST = "$(BUILT_PRODUCTS_DIR)/Monotask.app/$(BUNDLE_EXECUTABLE_FOLDER_PATH)/Monotask";
			};
			name = Release;
		};
/* End XCBuildConfiguration section */

/* Begin XCConfigurationList section */
		3A6759D42C6D033A00983C66 /* Build configuration list for PBXProject "Monotask" */ = {
			isa = XCConfigurationList;
			buildConfigurations = (
				3A6759E52C6D033B00983C66 /* Debug */,
				3A6759E62C6D033B00983C66 /* Release */,
			);
			defaultConfigurationIsVisible = 0;
			defaultConfigurationName = Release;
		};
		3A6759E72C6D033C00983C66 /* Build configuration list for PBXNativeTarget "Monotask" */ = {
			isa = XCConfigurationList;
			buildConfigurations = (
				3A6759E82C6D033C00983C66 /* Debug */,
				3A6759E92C6D033C00983C66 /* Release */,
			);
			defaultConfigurationIsVisible = 0;
			defaultConfigurationName = Release;
		};
		3ABEE1862C6DB7B00098B08E /* Build configuration list for PBXNativeTarget "MonotaskTests" */ = {
			isa = XCConfigurationList;
			buildConfigurations = (
				3ABEE1872C6DB7B00098B08E /* Debug */,
				3ABEE1882C6DB7B00098B08E /* Release */,
			);
			defaultConfigurationIsVisible = 0;
			defaultConfigurationName = Release;
		};
/* End XCConfigurationList section */

/* Begin XCRemoteSwiftPackageReference section */
		3A5D01F22C75CD9E00F4E9FF /* XCRemoteSwiftPackageReference "lottie-spm" */ = {
			isa = XCRemoteSwiftPackageReference;
			repositoryURL = "https://github.com/airbnb/lottie-spm.git";
			requirement = {
				kind = upToNextMajorVersion;
				minimumVersion = 4.5.0;
			};
		};
		3A5D01F52C75CDAC00F4E9FF /* XCRemoteSwiftPackageReference "SVGView" */ = {
			isa = XCRemoteSwiftPackageReference;
			repositoryURL = "https://github.com/exyte/SVGView.git";
			requirement = {
				kind = upToNextMajorVersion;
				minimumVersion = 1.0.6;
			};
		};
/* End XCRemoteSwiftPackageReference section */

/* Begin XCSwiftPackageProductDependency section */
		3A5D01F32C75CD9E00F4E9FF /* Lottie */ = {
			isa = XCSwiftPackageProductDependency;
			package = 3A5D01F22C75CD9E00F4E9FF /* XCRemoteSwiftPackageReference "lottie-spm" */;
			productName = Lottie;
		};
		3A5D01F62C75CDAC00F4E9FF /* SVGView */ = {
			isa = XCSwiftPackageProductDependency;
			package = 3A5D01F52C75CDAC00F4E9FF /* XCRemoteSwiftPackageReference "SVGView" */;
			productName = SVGView;
		};
/* End XCSwiftPackageProductDependency section */
	};
	rootObject = 3A6759D12C6D033A00983C66 /* Project object */;
}
